// !$*UTF8*$!
{
	archiveVersion = 1;
	classes = {
	};
	objectVersion = 56;
	objects = {

/* Begin PBXBuildFile section */
		474C45D62971B8F600ACE541 /* CategoryModel.swift in Sources */ = {isa = PBXBuildFile; fileRef = 474C45D52971B8F600ACE541 /* CategoryModel.swift */; };
		474C45D82971B9ED00ACE541 /* CategoryItemView.swift in Sources */ = {isa = PBXBuildFile; fileRef = 474C45D72971B9ED00ACE541 /* CategoryItemView.swift */; };
		474C45DA2971BC4900ACE541 /* CategoryGridView.swift in Sources */ = {isa = PBXBuildFile; fileRef = 474C45D92971BC4900ACE541 /* CategoryGridView.swift */; };
		474C45DC2971BE0C00ACE541 /* SectionView.swift in Sources */ = {isa = PBXBuildFile; fileRef = 474C45DB2971BE0C00ACE541 /* SectionView.swift */; };
		474C45DE2972F40D00ACE541 /* TitleView.swift in Sources */ = {isa = PBXBuildFile; fileRef = 474C45DD2972F40D00ACE541 /* TitleView.swift */; };
		474C45E02972F52900ACE541 /* PenModel.swift in Sources */ = {isa = PBXBuildFile; fileRef = 474C45DF2972F52900ACE541 /* PenModel.swift */; };
		474C45E22972F5D000ACE541 /* PenItemView.swift in Sources */ = {isa = PBXBuildFile; fileRef = 474C45E12972F5D000ACE541 /* PenItemView.swift */; };
		474C45E42972F95200ACE541 /* BrandModel.swift in Sources */ = {isa = PBXBuildFile; fileRef = 474C45E32972F95200ACE541 /* BrandModel.swift */; };
		474C45E62972FA6200ACE541 /* BrandItemView.swift in Sources */ = {isa = PBXBuildFile; fileRef = 474C45E52972FA6200ACE541 /* BrandItemView.swift */; };
		474C45E82972FB1600ACE541 /* BrandGridView.swift in Sources */ = {isa = PBXBuildFile; fileRef = 474C45E72972FB1600ACE541 /* BrandGridView.swift */; };
		474C45EA2972FF9F00ACE541 /* PenDetailView.swift in Sources */ = {isa = PBXBuildFile; fileRef = 474C45E92972FF9F00ACE541 /* PenDetailView.swift */; };
		474C45EC2973005E00ACE541 /* NavigationBarDetailView.swift in Sources */ = {isa = PBXBuildFile; fileRef = 474C45EB2973005D00ACE541 /* NavigationBarDetailView.swift */; };
		474C45EE2973016100ACE541 /* HeaderDetailView.swift in Sources */ = {isa = PBXBuildFile; fileRef = 474C45ED2973016100ACE541 /* HeaderDetailView.swift */; };
		474C45F02973021200ACE541 /* TopPartDetailView.swift in Sources */ = {isa = PBXBuildFile; fileRef = 474C45EF2973021200ACE541 /* TopPartDetailView.swift */; };
		474C45F22973041700ACE541 /* CustomShape.swift in Sources */ = {isa = PBXBuildFile; fileRef = 474C45F12973041700ACE541 /* CustomShape.swift */; };
		474C45F4297431B400ACE541 /* RatingsSizesDetailView.swift in Sources */ = {isa = PBXBuildFile; fileRef = 474C45F3297431B400ACE541 /* RatingsSizesDetailView.swift */; };
		474C45F62974346200ACE541 /* QuantityFavouiteDetailView.swift in Sources */ = {isa = PBXBuildFile; fileRef = 474C45F52974346100ACE541 /* QuantityFavouiteDetailView.swift */; };
		474C45F82974365B00ACE541 /* AddToCartDetailView.swift in Sources */ = {isa = PBXBuildFile; fileRef = 474C45F72974365B00ACE541 /* AddToCartDetailView.swift */; };
		474C45FA297438F500ACE541 /* Shop.swift in Sources */ = {isa = PBXBuildFile; fileRef = 474C45F9297438F500ACE541 /* Shop.swift */; };
		477AB5B7296F15A900A86FC2 /* LoveToWriteApp.swift in Sources */ = {isa = PBXBuildFile; fileRef = 477AB5B6296F15A900A86FC2 /* LoveToWriteApp.swift */; };
		477AB5B9296F15A900A86FC2 /* ContentView.swift in Sources */ = {isa = PBXBuildFile; fileRef = 477AB5B8296F15A900A86FC2 /* ContentView.swift */; };
		477AB5BB296F15AA00A86FC2 /* Assets.xcassets in Resources */ = {isa = PBXBuildFile; fileRef = 477AB5BA296F15AA00A86FC2 /* Assets.xcassets */; };
		477AB5BE296F15AA00A86FC2 /* Preview Assets.xcassets in Resources */ = {isa = PBXBuildFile; fileRef = 477AB5BD296F15AA00A86FC2 /* Preview Assets.xcassets */; };
		477AB5CD296F195E00A86FC2 /* Constant.swift in Sources */ = {isa = PBXBuildFile; fileRef = 477AB5CC296F195E00A86FC2 /* Constant.swift */; };
		477AB5CF296F19FF00A86FC2 /* FooterView.swift in Sources */ = {isa = PBXBuildFile; fileRef = 477AB5CE296F19FF00A86FC2 /* FooterView.swift */; };
		477AB5D1296F1CD900A86FC2 /* NavigationBarView.swift in Sources */ = {isa = PBXBuildFile; fileRef = 477AB5D0296F1CD900A86FC2 /* NavigationBarView.swift */; };
		477AB5D3296F1E1000A86FC2 /* LogoView.swift in Sources */ = {isa = PBXBuildFile; fileRef = 477AB5D2296F1E1000A86FC2 /* LogoView.swift */; };
		477AB5D9296F21F400A86FC2 /* brand.json in Resources */ = {isa = PBXBuildFile; fileRef = 477AB5D5296F21F400A86FC2 /* brand.json */; };
		477AB5DA296F21F400A86FC2 /* header.json in Resources */ = {isa = PBXBuildFile; fileRef = 477AB5D6296F21F400A86FC2 /* header.json */; };
		477AB5DB296F21F400A86FC2 /* pen.json in Resources */ = {isa = PBXBuildFile; fileRef = 477AB5D7296F21F400A86FC2 /* pen.json */; };
		477AB5DC296F21F400A86FC2 /* category.json in Resources */ = {isa = PBXBuildFile; fileRef = 477AB5D8296F21F400A86FC2 /* category.json */; };
		477AB5DE296F220F00A86FC2 /* HeaderModel.swift in Sources */ = {isa = PBXBuildFile; fileRef = 477AB5DD296F220F00A86FC2 /* HeaderModel.swift */; };
		477AB5E1296F22BE00A86FC2 /* CodableBundleExtension.swift in Sources */ = {isa = PBXBuildFile; fileRef = 477AB5E0296F22BE00A86FC2 /* CodableBundleExtension.swift */; };
		477AB5E3296F268A00A86FC2 /* HeaderItemView.swift in Sources */ = {isa = PBXBuildFile; fileRef = 477AB5E2296F268A00A86FC2 /* HeaderItemView.swift */; };
		477AB5E5296F270400A86FC2 /* HeaderTabView.swift in Sources */ = {isa = PBXBuildFile; fileRef = 477AB5E4296F270400A86FC2 /* HeaderTabView.swift */; };
/* End PBXBuildFile section */

/* Begin PBXFileReference section */
		474C45D52971B8F600ACE541 /* CategoryModel.swift */ = {isa = PBXFileReference; lastKnownFileType = sourcecode.swift; path = CategoryModel.swift; sourceTree = "<group>"; };
		474C45D72971B9ED00ACE541 /* CategoryItemView.swift */ = {isa = PBXFileReference; lastKnownFileType = sourcecode.swift; path = CategoryItemView.swift; sourceTree = "<group>"; };
		474C45D92971BC4900ACE541 /* CategoryGridView.swift */ = {isa = PBXFileReference; lastKnownFileType = sourcecode.swift; path = CategoryGridView.swift; sourceTree = "<group>"; };
		474C45DB2971BE0C00ACE541 /* SectionView.swift */ = {isa = PBXFileReference; lastKnownFileType = sourcecode.swift; path = SectionView.swift; sourceTree = "<group>"; };
		474C45DD2972F40D00ACE541 /* TitleView.swift */ = {isa = PBXFileReference; lastKnownFileType = sourcecode.swift; path = TitleView.swift; sourceTree = "<group>"; };
		474C45DF2972F52900ACE541 /* PenModel.swift */ = {isa = PBXFileReference; lastKnownFileType = sourcecode.swift; path = PenModel.swift; sourceTree = "<group>"; };
		474C45E12972F5D000ACE541 /* PenItemView.swift */ = {isa = PBXFileReference; lastKnownFileType = sourcecode.swift; path = PenItemView.swift; sourceTree = "<group>"; };
		474C45E32972F95200ACE541 /* BrandModel.swift */ = {isa = PBXFileReference; lastKnownFileType = sourcecode.swift; path = BrandModel.swift; sourceTree = "<group>"; };
		474C45E52972FA6200ACE541 /* BrandItemView.swift */ = {isa = PBXFileReference; lastKnownFileType = sourcecode.swift; path = BrandItemView.swift; sourceTree = "<group>"; };
		474C45E72972FB1600ACE541 /* BrandGridView.swift */ = {isa = PBXFileReference; lastKnownFileType = sourcecode.swift; path = BrandGridView.swift; sourceTree = "<group>"; };
		474C45E92972FF9F00ACE541 /* PenDetailView.swift */ = {isa = PBXFileReference; lastKnownFileType = sourcecode.swift; path = PenDetailView.swift; sourceTree = "<group>"; };
		474C45EB2973005D00ACE541 /* NavigationBarDetailView.swift */ = {isa = PBXFileReference; lastKnownFileType = sourcecode.swift; path = NavigationBarDetailView.swift; sourceTree = "<group>"; };
		474C45ED2973016100ACE541 /* HeaderDetailView.swift */ = {isa = PBXFileReference; lastKnownFileType = sourcecode.swift; path = HeaderDetailView.swift; sourceTree = "<group>"; };
		474C45EF2973021200ACE541 /* TopPartDetailView.swift */ = {isa = PBXFileReference; lastKnownFileType = sourcecode.swift; path = TopPartDetailView.swift; sourceTree = "<group>"; };
		474C45F12973041700ACE541 /* CustomShape.swift */ = {isa = PBXFileReference; lastKnownFileType = sourcecode.swift; path = CustomShape.swift; sourceTree = "<group>"; };
		474C45F3297431B400ACE541 /* RatingsSizesDetailView.swift */ = {isa = PBXFileReference; lastKnownFileType = sourcecode.swift; path = RatingsSizesDetailView.swift; sourceTree = "<group>"; };
		474C45F52974346100ACE541 /* QuantityFavouiteDetailView.swift */ = {isa = PBXFileReference; lastKnownFileType = sourcecode.swift; path = QuantityFavouiteDetailView.swift; sourceTree = "<group>"; };
		474C45F72974365B00ACE541 /* AddToCartDetailView.swift */ = {isa = PBXFileReference; lastKnownFileType = sourcecode.swift; path = AddToCartDetailView.swift; sourceTree = "<group>"; };
		474C45F9297438F500ACE541 /* Shop.swift */ = {isa = PBXFileReference; lastKnownFileType = sourcecode.swift; path = Shop.swift; sourceTree = "<group>"; };
		477AB5B3296F15A900A86FC2 /* LoveToWrite.app */ = {isa = PBXFileReference; explicitFileType = wrapper.application; includeInIndex = 0; path = LoveToWrite.app; sourceTree = BUILT_PRODUCTS_DIR; };
		477AB5B6296F15A900A86FC2 /* LoveToWriteApp.swift */ = {isa = PBXFileReference; lastKnownFileType = sourcecode.swift; path = LoveToWriteApp.swift; sourceTree = "<group>"; };
		477AB5B8296F15A900A86FC2 /* ContentView.swift */ = {isa = PBXFileReference; lastKnownFileType = sourcecode.swift; path = ContentView.swift; sourceTree = "<group>"; };
		477AB5BA296F15AA00A86FC2 /* Assets.xcassets */ = {isa = PBXFileReference; lastKnownFileType = folder.assetcatalog; path = Assets.xcassets; sourceTree = "<group>"; };
		477AB5BD296F15AA00A86FC2 /* Preview Assets.xcassets */ = {isa = PBXFileReference; lastKnownFileType = folder.assetcatalog; path = "Preview Assets.xcassets"; sourceTree = "<group>"; };
		477AB5C4296F17AF00A86FC2 /* Info.plist */ = {isa = PBXFileReference; lastKnownFileType = text.plist; path = Info.plist; sourceTree = "<group>"; };
		477AB5CC296F195E00A86FC2 /* Constant.swift */ = {isa = PBXFileReference; lastKnownFileType = sourcecode.swift; path = Constant.swift; sourceTree = "<group>"; };
		477AB5CE296F19FF00A86FC2 /* FooterView.swift */ = {isa = PBXFileReference; lastKnownFileType = sourcecode.swift; path = FooterView.swift; sourceTree = "<group>"; };
		477AB5D0296F1CD900A86FC2 /* NavigationBarView.swift */ = {isa = PBXFileReference; lastKnownFileType = sourcecode.swift; path = NavigationBarView.swift; sourceTree = "<group>"; };
		477AB5D2296F1E1000A86FC2 /* LogoView.swift */ = {isa = PBXFileReference; lastKnownFileType = sourcecode.swift; path = LogoView.swift; sourceTree = "<group>"; };
		477AB5D5296F21F400A86FC2 /* brand.json */ = {isa = PBXFileReference; fileEncoding = 4; lastKnownFileType = text.json; path = brand.json; sourceTree = "<group>"; };
		477AB5D6296F21F400A86FC2 /* header.json */ = {isa = PBXFileReference; fileEncoding = 4; lastKnownFileType = text.json; path = header.json; sourceTree = "<group>"; };
		477AB5D7296F21F400A86FC2 /* pen.json */ = {isa = PBXFileReference; fileEncoding = 4; lastKnownFileType = text.json; path = pen.json; sourceTree = "<group>"; };
		477AB5D8296F21F400A86FC2 /* category.json */ = {isa = PBXFileReference; fileEncoding = 4; lastKnownFileType = text.json; path = category.json; sourceTree = "<group>"; };
		477AB5DD296F220F00A86FC2 /* HeaderModel.swift */ = {isa = PBXFileReference; lastKnownFileType = sourcecode.swift; path = HeaderModel.swift; sourceTree = "<group>"; };
		477AB5E0296F22BE00A86FC2 /* CodableBundleExtension.swift */ = {isa = PBXFileReference; lastKnownFileType = sourcecode.swift; path = CodableBundleExtension.swift; sourceTree = "<group>"; };
		477AB5E2296F268A00A86FC2 /* HeaderItemView.swift */ = {isa = PBXFileReference; lastKnownFileType = sourcecode.swift; path = HeaderItemView.swift; sourceTree = "<group>"; };
		477AB5E4296F270400A86FC2 /* HeaderTabView.swift */ = {isa = PBXFileReference; lastKnownFileType = sourcecode.swift; path = HeaderTabView.swift; sourceTree = "<group>"; };
/* End PBXFileReference section */

/* Begin PBXFrameworksBuildPhase section */
		477AB5B0296F15A900A86FC2 /* Frameworks */ = {
			isa = PBXFrameworksBuildPhase;
			buildActionMask = 2147483647;
			files = (
			);
			runOnlyForDeploymentPostprocessing = 0;
		};
/* End PBXFrameworksBuildPhase section */

/* Begin PBXGroup section */
		477AB5AA296F15A900A86FC2 = {
			isa = PBXGroup;
			children = (
				477AB5B5296F15A900A86FC2 /* LoveToWrite */,
				477AB5B4296F15A900A86FC2 /* Products */,
			);
			sourceTree = "<group>";
		};
		477AB5B4296F15A900A86FC2 /* Products */ = {
			isa = PBXGroup;
			children = (
				477AB5B3296F15A900A86FC2 /* LoveToWrite.app */,
			);
			name = Products;
			sourceTree = "<group>";
		};
		477AB5B5296F15A900A86FC2 /* LoveToWrite */ = {
			isa = PBXGroup;
			children = (
				477AB5D4296F21E900A86FC2 /* Data */,
				477AB5CB296F194C00A86FC2 /* Utility */,
				477AB5CA296F194600A86FC2 /* Extension */,
				477AB5C9296F194000A86FC2 /* Model */,
				477AB5C6296F191700A86FC2 /* View */,
				477AB5C4296F17AF00A86FC2 /* Info.plist */,
				477AB5C5296F18B200A86FC2 /* App */,
				477AB5BA296F15AA00A86FC2 /* Assets.xcassets */,
				477AB5BC296F15AA00A86FC2 /* Preview Content */,
			);
			path = LoveToWrite;
			sourceTree = "<group>";
		};
		477AB5BC296F15AA00A86FC2 /* Preview Content */ = {
			isa = PBXGroup;
			children = (
				477AB5BD296F15AA00A86FC2 /* Preview Assets.xcassets */,
			);
			path = "Preview Content";
			sourceTree = "<group>";
		};
		477AB5C5296F18B200A86FC2 /* App */ = {
			isa = PBXGroup;
			children = (
				477AB5B6296F15A900A86FC2 /* LoveToWriteApp.swift */,
				477AB5B8296F15A900A86FC2 /* ContentView.swift */,
				474C45E92972FF9F00ACE541 /* PenDetailView.swift */,
			);
			path = App;
			sourceTree = "<group>";
		};
		477AB5C6296F191700A86FC2 /* View */ = {
			isa = PBXGroup;
			children = (
				477AB5C8296F192B00A86FC2 /* Detail */,
				477AB5C7296F192300A86FC2 /* Home */,
			);
			path = View;
			sourceTree = "<group>";
		};
		477AB5C7296F192300A86FC2 /* Home */ = {
			isa = PBXGroup;
			children = (
				477AB5CE296F19FF00A86FC2 /* FooterView.swift */,
				477AB5D0296F1CD900A86FC2 /* NavigationBarView.swift */,
				477AB5D2296F1E1000A86FC2 /* LogoView.swift */,
				477AB5E2296F268A00A86FC2 /* HeaderItemView.swift */,
				477AB5E4296F270400A86FC2 /* HeaderTabView.swift */,
				474C45D72971B9ED00ACE541 /* CategoryItemView.swift */,
				474C45D92971BC4900ACE541 /* CategoryGridView.swift */,
				474C45DB2971BE0C00ACE541 /* SectionView.swift */,
				474C45DD2972F40D00ACE541 /* TitleView.swift */,
				474C45E12972F5D000ACE541 /* PenItemView.swift */,
				474C45E52972FA6200ACE541 /* BrandItemView.swift */,
				474C45E72972FB1600ACE541 /* BrandGridView.swift */,
			);
			path = Home;
			sourceTree = "<group>";
		};
		477AB5C8296F192B00A86FC2 /* Detail */ = {
			isa = PBXGroup;
			children = (
				474C45EB2973005D00ACE541 /* NavigationBarDetailView.swift */,
				474C45ED2973016100ACE541 /* HeaderDetailView.swift */,
				474C45EF2973021200ACE541 /* TopPartDetailView.swift */,
				474C45F3297431B400ACE541 /* RatingsSizesDetailView.swift */,
				474C45F52974346100ACE541 /* QuantityFavouiteDetailView.swift */,
				474C45F72974365B00ACE541 /* AddToCartDetailView.swift */,
			);
			path = Detail;
			sourceTree = "<group>";
		};
		477AB5C9296F194000A86FC2 /* Model */ = {
			isa = PBXGroup;
			children = (
				477AB5DD296F220F00A86FC2 /* HeaderModel.swift */,
				474C45D52971B8F600ACE541 /* CategoryModel.swift */,
				474C45DF2972F52900ACE541 /* PenModel.swift */,
				474C45E32972F95200ACE541 /* BrandModel.swift */,
			);
			path = Model;
			sourceTree = "<group>";
		};
		477AB5CA296F194600A86FC2 /* Extension */ = {
			isa = PBXGroup;
			children = (
				477AB5E0296F22BE00A86FC2 /* CodableBundleExtension.swift */,
			);
			path = Extension;
			sourceTree = "<group>";
		};
		477AB5CB296F194C00A86FC2 /* Utility */ = {
			isa = PBXGroup;
			children = (
				477AB5CC296F195E00A86FC2 /* Constant.swift */,
				474C45F12973041700ACE541 /* CustomShape.swift */,
				474C45F9297438F500ACE541 /* Shop.swift */,
			);
			path = Utility;
			sourceTree = "<group>";
		};
		477AB5D4296F21E900A86FC2 /* Data */ = {
			isa = PBXGroup;
			children = (
				477AB5D5296F21F400A86FC2 /* brand.json */,
				477AB5D8296F21F400A86FC2 /* category.json */,
				477AB5D6296F21F400A86FC2 /* header.json */,
				477AB5D7296F21F400A86FC2 /* pen.json */,
			);
			path = Data;
			sourceTree = "<group>";
		};
/* End PBXGroup section */

/* Begin PBXNativeTarget section */
		477AB5B2296F15A900A86FC2 /* LoveToWrite */ = {
			isa = PBXNativeTarget;
			buildConfigurationList = 477AB5C1296F15AA00A86FC2 /* Build configuration list for PBXNativeTarget "LoveToWrite" */;
			buildPhases = (
				477AB5AF296F15A900A86FC2 /* Sources */,
				477AB5B0296F15A900A86FC2 /* Frameworks */,
				477AB5B1296F15A900A86FC2 /* Resources */,
			);
			buildRules = (
			);
			dependencies = (
			);
			name = LoveToWrite;
			productName = LoveToWrite;
			productReference = 477AB5B3296F15A900A86FC2 /* LoveToWrite.app */;
			productType = "com.apple.product-type.application";
		};
/* End PBXNativeTarget section */

/* Begin PBXProject section */
		477AB5AB296F15A900A86FC2 /* Project object */ = {
			isa = PBXProject;
			attributes = {
				BuildIndependentTargetsInParallel = 1;
				LastSwiftUpdateCheck = 1420;
				LastUpgradeCheck = 1420;
				TargetAttributes = {
					477AB5B2296F15A900A86FC2 = {
						CreatedOnToolsVersion = 14.2;
					};
				};
			};
			buildConfigurationList = 477AB5AE296F15A900A86FC2 /* Build configuration list for PBXProject "LoveToWrite" */;
			compatibilityVersion = "Xcode 14.0";
			developmentRegion = en;
			hasScannedForEncodings = 0;
			knownRegions = (
				en,
				Base,
			);
			mainGroup = 477AB5AA296F15A900A86FC2;
			productRefGroup = 477AB5B4296F15A900A86FC2 /* Products */;
			projectDirPath = "";
			projectRoot = "";
			targets = (
				477AB5B2296F15A900A86FC2 /* LoveToWrite */,
			);
		};
/* End PBXProject section */

/* Begin PBXResourcesBuildPhase section */
		477AB5B1296F15A900A86FC2 /* Resources */ = {
			isa = PBXResourcesBuildPhase;
			buildActionMask = 2147483647;
			files = (
				477AB5DA296F21F400A86FC2 /* header.json in Resources */,
				477AB5BE296F15AA00A86FC2 /* Preview Assets.xcassets in Resources */,
				477AB5BB296F15AA00A86FC2 /* Assets.xcassets in Resources */,
				477AB5DC296F21F400A86FC2 /* category.json in Resources */,
				477AB5DB296F21F400A86FC2 /* pen.json in Resources */,
				477AB5D9296F21F400A86FC2 /* brand.json in Resources */,
			);
			runOnlyForDeploymentPostprocessing = 0;
		};
/* End PBXResourcesBuildPhase section */

/* Begin PBXSourcesBuildPhase section */
		477AB5AF296F15A900A86FC2 /* Sources */ = {
			isa = PBXSourcesBuildPhase;
			buildActionMask = 2147483647;
			files = (
				477AB5E1296F22BE00A86FC2 /* CodableBundleExtension.swift in Sources */,
				474C45F62974346200ACE541 /* QuantityFavouiteDetailView.swift in Sources */,
				474C45EE2973016100ACE541 /* HeaderDetailView.swift in Sources */,
				474C45F02973021200ACE541 /* TopPartDetailView.swift in Sources */,
				477AB5B9296F15A900A86FC2 /* ContentView.swift in Sources */,
				477AB5DE296F220F00A86FC2 /* HeaderModel.swift in Sources */,
				477AB5D3296F1E1000A86FC2 /* LogoView.swift in Sources */,
				477AB5CF296F19FF00A86FC2 /* FooterView.swift in Sources */,
				474C45F82974365B00ACE541 /* AddToCartDetailView.swift in Sources */,
				474C45EA2972FF9F00ACE541 /* PenDetailView.swift in Sources */,
				477AB5B7296F15A900A86FC2 /* LoveToWriteApp.swift in Sources */,
				474C45F4297431B400ACE541 /* RatingsSizesDetailView.swift in Sources */,
				474C45E82972FB1600ACE541 /* BrandGridView.swift in Sources */,
				477AB5CD296F195E00A86FC2 /* Constant.swift in Sources */,
				474C45EC2973005E00ACE541 /* NavigationBarDetailView.swift in Sources */,
				474C45DA2971BC4900ACE541 /* CategoryGridView.swift in Sources */,
				474C45D62971B8F600ACE541 /* CategoryModel.swift in Sources */,
				477AB5E5296F270400A86FC2 /* HeaderTabView.swift in Sources */,
				474C45E22972F5D000ACE541 /* PenItemView.swift in Sources */,
				474C45DC2971BE0C00ACE541 /* SectionView.swift in Sources */,
				474C45E62972FA6200ACE541 /* BrandItemView.swift in Sources */,
				474C45D82971B9ED00ACE541 /* CategoryItemView.swift in Sources */,
				477AB5D1296F1CD900A86FC2 /* NavigationBarView.swift in Sources */,
				474C45F22973041700ACE541 /* CustomShape.swift in Sources */,
				474C45FA297438F500ACE541 /* Shop.swift in Sources */,
				474C45E02972F52900ACE541 /* PenModel.swift in Sources */,
				474C45E42972F95200ACE541 /* BrandModel.swift in Sources */,
				477AB5E3296F268A00A86FC2 /* HeaderItemView.swift in Sources */,
				474C45DE2972F40D00ACE541 /* TitleView.swift in Sources */,
			);
			runOnlyForDeploymentPostprocessing = 0;
		};
/* End PBXSourcesBuildPhase section */

/* Begin XCBuildConfiguration section */
		477AB5BF296F15AA00A86FC2 /* Debug */ = {
			isa = XCBuildConfiguration;
			buildSettings = {
				ALWAYS_SEARCH_USER_PATHS = NO;
				CLANG_ANALYZER_NONNULL = YES;
				CLANG_ANALYZER_NUMBER_OBJECT_CONVERSION = YES_AGGRESSIVE;
				CLANG_CXX_LANGUAGE_STANDARD = "gnu++20";
				CLANG_ENABLE_MODULES = YES;
				CLANG_ENABLE_OBJC_ARC = YES;
				CLANG_ENABLE_OBJC_WEAK = YES;
				CLANG_WARN_BLOCK_CAPTURE_AUTORELEASING = YES;
				CLANG_WARN_BOOL_CONVERSION = YES;
				CLANG_WARN_COMMA = YES;
				CLANG_WARN_CONSTANT_CONVERSION = YES;
				CLANG_WARN_DEPRECATED_OBJC_IMPLEMENTATIONS = YES;
				CLANG_WARN_DIRECT_OBJC_ISA_USAGE = YES_ERROR;
				CLANG_WARN_DOCUMENTATION_COMMENTS = YES;
				CLANG_WARN_EMPTY_BODY = YES;
				CLANG_WARN_ENUM_CONVERSION = YES;
				CLANG_WARN_INFINITE_RECURSION = YES;
				CLANG_WARN_INT_CONVERSION = YES;
				CLANG_WARN_NON_LITERAL_NULL_CONVERSION = YES;
				CLANG_WARN_OBJC_IMPLICIT_RETAIN_SELF = YES;
				CLANG_WARN_OBJC_LITERAL_CONVERSION = YES;
				CLANG_WARN_OBJC_ROOT_CLASS = YES_ERROR;
				CLANG_WARN_QUOTED_INCLUDE_IN_FRAMEWORK_HEADER = YES;
				CLANG_WARN_RANGE_LOOP_ANALYSIS = YES;
				CLANG_WARN_STRICT_PROTOTYPES = YES;
				CLANG_WARN_SUSPICIOUS_MOVE = YES;
				CLANG_WARN_UNGUARDED_AVAILABILITY = YES_AGGRESSIVE;
				CLANG_WARN_UNREACHABLE_CODE = YES;
				CLANG_WARN__DUPLICATE_METHOD_MATCH = YES;
				COPY_PHASE_STRIP = NO;
				DEBUG_INFORMATION_FORMAT = dwarf;
				ENABLE_STRICT_OBJC_MSGSEND = YES;
				ENABLE_TESTABILITY = YES;
				GCC_C_LANGUAGE_STANDARD = gnu11;
				GCC_DYNAMIC_NO_PIC = NO;
				GCC_NO_COMMON_BLOCKS = YES;
				GCC_OPTIMIZATION_LEVEL = 0;
				GCC_PREPROCESSOR_DEFINITIONS = (
					"DEBUG=1",
					"$(inherited)",
				);
				GCC_WARN_64_TO_32_BIT_CONVERSION = YES;
				GCC_WARN_ABOUT_RETURN_TYPE = YES_ERROR;
				GCC_WARN_UNDECLARED_SELECTOR = YES;
				GCC_WARN_UNINITIALIZED_AUTOS = YES_AGGRESSIVE;
				GCC_WARN_UNUSED_FUNCTION = YES;
				GCC_WARN_UNUSED_VARIABLE = YES;
				IPHONEOS_DEPLOYMENT_TARGET = 16.2;
				MTL_ENABLE_DEBUG_INFO = INCLUDE_SOURCE;
				MTL_FAST_MATH = YES;
				ONLY_ACTIVE_ARCH = YES;
				SDKROOT = iphoneos;
				SWIFT_ACTIVE_COMPILATION_CONDITIONS = DEBUG;
				SWIFT_OPTIMIZATION_LEVEL = "-Onone";
			};
			name = Debug;
		};
		477AB5C0296F15AA00A86FC2 /* Release */ = {
			isa = XCBuildConfiguration;
			buildSettings = {
				ALWAYS_SEARCH_USER_PATHS = NO;
				CLANG_ANALYZER_NONNULL = YES;
				CLANG_ANALYZER_NUMBER_OBJECT_CONVERSION = YES_AGGRESSIVE;
				CLANG_CXX_LANGUAGE_STANDARD = "gnu++20";
				CLANG_ENABLE_MODULES = YES;
				CLANG_ENABLE_OBJC_ARC = YES;
				CLANG_ENABLE_OBJC_WEAK = YES;
				CLANG_WARN_BLOCK_CAPTURE_AUTORELEASING = YES;
				CLANG_WARN_BOOL_CONVERSION = YES;
				CLANG_WARN_COMMA = YES;
				CLANG_WARN_CONSTANT_CONVERSION = YES;
				CLANG_WARN_DEPRECATED_OBJC_IMPLEMENTATIONS = YES;
				CLANG_WARN_DIRECT_OBJC_ISA_USAGE = YES_ERROR;
				CLANG_WARN_DOCUMENTATION_COMMENTS = YES;
				CLANG_WARN_EMPTY_BODY = YES;
				CLANG_WARN_ENUM_CONVERSION = YES;
				CLANG_WARN_INFINITE_RECURSION = YES;
				CLANG_WARN_INT_CONVERSION = YES;
				CLANG_WARN_NON_LITERAL_NULL_CONVERSION = YES;
				CLANG_WARN_OBJC_IMPLICIT_RETAIN_SELF = YES;
				CLANG_WARN_OBJC_LITERAL_CONVERSION = YES;
				CLANG_WARN_OBJC_ROOT_CLASS = YES_ERROR;
				CLANG_WARN_QUOTED_INCLUDE_IN_FRAMEWORK_HEADER = YES;
				CLANG_WARN_RANGE_LOOP_ANALYSIS = YES;
				CLANG_WARN_STRICT_PROTOTYPES = YES;
				CLANG_WARN_SUSPICIOUS_MOVE = YES;
				CLANG_WARN_UNGUARDED_AVAILABILITY = YES_AGGRESSIVE;
				CLANG_WARN_UNREACHABLE_CODE = YES;
				CLANG_WARN__DUPLICATE_METHOD_MATCH = YES;
				COPY_PHASE_STRIP = NO;
				DEBUG_INFORMATION_FORMAT = "dwarf-with-dsym";
				ENABLE_NS_ASSERTIONS = NO;
				ENABLE_STRICT_OBJC_MSGSEND = YES;
				GCC_C_LANGUAGE_STANDARD = gnu11;
				GCC_NO_COMMON_BLOCKS = YES;
				GCC_WARN_64_TO_32_BIT_CONVERSION = YES;
				GCC_WARN_ABOUT_RETURN_TYPE = YES_ERROR;
				GCC_WARN_UNDECLARED_SELECTOR = YES;
				GCC_WARN_UNINITIALIZED_AUTOS = YES_AGGRESSIVE;
				GCC_WARN_UNUSED_FUNCTION = YES;
				GCC_WARN_UNUSED_VARIABLE = YES;
				IPHONEOS_DEPLOYMENT_TARGET = 16.2;
				MTL_ENABLE_DEBUG_INFO = NO;
				MTL_FAST_MATH = YES;
				SDKROOT = iphoneos;
				SWIFT_COMPILATION_MODE = wholemodule;
				SWIFT_OPTIMIZATION_LEVEL = "-O";
				VALIDATE_PRODUCT = YES;
			};
			name = Release;
		};
		477AB5C2296F15AA00A86FC2 /* Debug */ = {
			isa = XCBuildConfiguration;
			buildSettings = {
				ASSETCATALOG_COMPILER_APPICON_NAME = AppIcon;
				ASSETCATALOG_COMPILER_GLOBAL_ACCENT_COLOR_NAME = AccentColor;
				CODE_SIGN_STYLE = Automatic;
				CURRENT_PROJECT_VERSION = 1;
				DEVELOPMENT_ASSET_PATHS = "\"LoveToWrite/Preview Content\"";
				DEVELOPMENT_TEAM = 498AB5R6B6;
				ENABLE_PREVIEWS = YES;
				GENERATE_INFOPLIST_FILE = YES;
				INFOPLIST_FILE = LoveToWrite/Info.plist;
				INFOPLIST_KEY_UIApplicationSceneManifest_Generation = YES;
				INFOPLIST_KEY_UIApplicationSupportsIndirectInputEvents = YES;
				INFOPLIST_KEY_UISupportedInterfaceOrientations = UIInterfaceOrientationPortrait;
				INFOPLIST_KEY_UISupportedInterfaceOrientations_iPad = "UIInterfaceOrientationLandscapeLeft UIInterfaceOrientationLandscapeRight UIInterfaceOrientationPortrait UIInterfaceOrientationPortraitUpsideDown";
				INFOPLIST_KEY_UIUserInterfaceStyle = Light;
				LD_RUNPATH_SEARCH_PATHS = (
					"$(inherited)",
					"@executable_path/Frameworks",
				);
				MARKETING_VERSION = 1.0;
				PRODUCT_BUNDLE_IDENTIFIER = com.ming.LoveToWrite;
				PRODUCT_NAME = "$(TARGET_NAME)";
				SWIFT_EMIT_LOC_STRINGS = YES;
				SWIFT_VERSION = 5.0;
				TARGETED_DEVICE_FAMILY = "1,2";
			};
			name = Debug;
		};
		477AB5C3296F15AA00A86FC2 /* Release */ = {
			isa = XCBuildConfiguration;
			buildSettings = {
				ASSETCATALOG_COMPILER_APPICON_NAME = AppIcon;
				ASSETCATALOG_COMPILER_GLOBAL_ACCENT_COLOR_NAME = AccentColor;
				CODE_SIGN_STYLE = Automatic;
				CURRENT_PROJECT_VERSION = 1;
				DEVELOPMENT_ASSET_PATHS = "\"LoveToWrite/Preview Content\"";
				DEVELOPMENT_TEAM = 498AB5R6B6;
				ENABLE_PREVIEWS = YES;
				GENERATE_INFOPLIST_FILE = YES;
				INFOPLIST_FILE = LoveToWrite/Info.plist;
				INFOPLIST_KEY_UIApplicationSceneManifest_Generation = YES;
				INFOPLIST_KEY_UIApplicationSupportsIndirectInputEvents = YES;
				INFOPLIST_KEY_UISupportedInterfaceOrientations = UIInterfaceOrientationPortrait;
				INFOPLIST_KEY_UISupportedInterfaceOrientations_iPad = "UIInterfaceOrientationLandscapeLeft UIInterfaceOrientationLandscapeRight UIInterfaceOrientationPortrait UIInterfaceOrientationPortraitUpsideDown";
				INFOPLIST_KEY_UIUserInterfaceStyle = Light;
				LD_RUNPATH_SEARCH_PATHS = (
					"$(inherited)",
					"@executable_path/Frameworks",
				);
				MARKETING_VERSION = 1.0;
				PRODUCT_BUNDLE_IDENTIFIER = com.ming.LoveToWrite;
				PRODUCT_NAME = "$(TARGET_NAME)";
				SWIFT_EMIT_LOC_STRINGS = YES;
				SWIFT_VERSION = 5.0;
				TARGETED_DEVICE_FAMILY = "1,2";
			};
			name = Release;
		};
/* End XCBuildConfiguration section */

/* Begin XCConfigurationList section */
		477AB5AE296F15A900A86FC2 /* Build configuration list for PBXProject "LoveToWrite" */ = {
			isa = XCConfigurationList;
			buildConfigurations = (
				477AB5BF296F15AA00A86FC2 /* Debug */,
				477AB5C0296F15AA00A86FC2 /* Release */,
			);
			defaultConfigurationIsVisible = 0;
			defaultConfigurationName = Release;
		};
		477AB5C1296F15AA00A86FC2 /* Build configuration list for PBXNativeTarget "LoveToWrite" */ = {
			isa = XCConfigurationList;
			buildConfigurations = (
				477AB5C2296F15AA00A86FC2 /* Debug */,
				477AB5C3296F15AA00A86FC2 /* Release */,
			);
			defaultConfigurationIsVisible = 0;
			defaultConfigurationName = Release;
		};
/* End XCConfigurationList section */
	};
	rootObject = 477AB5AB296F15A900A86FC2 /* Project object */;
}
